// !$*UTF8*$!
{
	archiveVersion = 1;
	classes = {
	};
	objectVersion = 60;
	objects = {

/* Begin PBXBuildFile section */
		5D9727451C9748C495F14F01 /* ClinIQApp.swift in Sources */ = {isa = PBXBuildFile; fileRef = 5D9727451C9748C495F14F18 /* ClinIQApp.swift */; };
		8F835508E3704DD9967B6E01 /* ContentView.swift in Sources */ = {isa = PBXBuildFile; fileRef = 8F835508E3704DD9967B6EFE /* ContentView.swift */; };
		E92E9B41550E4FC298127C01 /* ExtractionViewModel.swift in Sources */ = {isa = PBXBuildFile; fileRef = E92E9B41550E4FC298127CA3 /* ExtractionViewModel.swift */; };
		3AD5D659DE6B446DBC6C1B01 /* TestCase.swift in Sources */ = {isa = PBXBuildFile; fileRef = 3AD5D659DE6B446DBC6C1BCE /* TestCase.swift */; };
		F4418689E6BA4353B4601A01 /* PromptBuilder.swift in Sources */ = {isa = PBXBuildFile; fileRef = F4418689E6BA4353B4601A4B /* PromptBuilder.swift */; };
		A62770F4720A4BD480FB9D01 /* InferenceEngine.swift in Sources */ = {isa = PBXBuildFile; fileRef = A62770F4720A4BD480FB9D8D /* InferenceEngine.swift */; };
		05AB7170EA8B4682AB7CA701 /* StubInferenceEngine.swift in Sources */ = {isa = PBXBuildFile; fileRef = 05AB7170EA8B4682AB7CA77A /* StubInferenceEngine.swift */; };
		C12C12C112C12C0012C12C01 /* LlamaCppInferenceEngine.swift in Sources */ = {isa = PBXBuildFile; fileRef = C12C12C112C12C0012C12C02 /* LlamaCppInferenceEngine.swift */; };
		C12C12C112C12C0012C12C03 /* llama.xcframework in Frameworks */ = {isa = PBXBuildFile; fileRef = C12C12C112C12C0012C12C04 /* llama.xcframework */; };
		C12C12C112C12C0012C12C05 /* llama.xcframework in Embed Frameworks */ = {isa = PBXBuildFile; fileRef = C12C12C112C12C0012C12C04 /* llama.xcframework */; settings = {ATTRIBUTES = (CodeSignOnCopy, RemoveHeadersOnCopy, ); }; };
/* End PBXBuildFile section */

/* Begin PBXFileReference section */
		5D9727451C9748C495F14F18 /* ClinIQApp.swift */ = {isa = PBXFileReference; lastKnownFileType = sourcecode.swift; path = ClinIQApp.swift; sourceTree = "<group>"; };
		8F835508E3704DD9967B6EFE /* ContentView.swift */ = {isa = PBXFileReference; lastKnownFileType = sourcecode.swift; path = ContentView.swift; sourceTree = "<group>"; };
		E92E9B41550E4FC298127CA3 /* ExtractionViewModel.swift */ = {isa = PBXFileReference; lastKnownFileType = sourcecode.swift; path = ExtractionViewModel.swift; sourceTree = "<group>"; };
		3AD5D659DE6B446DBC6C1BCE /* TestCase.swift */ = {isa = PBXFileReference; lastKnownFileType = sourcecode.swift; path = TestCase.swift; sourceTree = "<group>"; };
		F4418689E6BA4353B4601A4B /* PromptBuilder.swift */ = {isa = PBXFileReference; lastKnownFileType = sourcecode.swift; path = PromptBuilder.swift; sourceTree = "<group>"; };
		A62770F4720A4BD480FB9D8D /* InferenceEngine.swift */ = {isa = PBXFileReference; lastKnownFileType = sourcecode.swift; path = InferenceEngine.swift; sourceTree = "<group>"; };
		05AB7170EA8B4682AB7CA77A /* StubInferenceEngine.swift */ = {isa = PBXFileReference; lastKnownFileType = sourcecode.swift; path = StubInferenceEngine.swift; sourceTree = "<group>"; };
		1E5D3AF2D1A64C08A99879D7 /* Info.plist */ = {isa = PBXFileReference; lastKnownFileType = text.plist.xml; path = Info.plist; sourceTree = "<group>"; };
		F667F7CDEB334C2C89C7B1FD /* ClinIQ.app */ = {isa = PBXFileReference; explicitFileType = wrapper.application; includeInIndex = 0; path = ClinIQ.app; sourceTree = BUILT_PRODUCTS_DIR; };
		C12C12C112C12C0012C12C02 /* LlamaCppInferenceEngine.swift */ = {isa = PBXFileReference; lastKnownFileType = sourcecode.swift; path = LlamaCppInferenceEngine.swift; sourceTree = "<group>"; };
		C12C12C112C12C0012C12C04 /* llama.xcframework */ = {isa = PBXFileReference; lastKnownFileType = wrapper.xcframework; name = llama.xcframework; path = Frameworks/llama.xcframework; sourceTree = SOURCE_ROOT; };
/* End PBXFileReference section */

/* Begin PBXFrameworksBuildPhase section */
		89B9BFAD8EE14C5393A30E39 /* Frameworks */ = {
			isa = PBXFrameworksBuildPhase;
			buildActionMask = 2147483647;
			files = (
				C12C12C112C12C0012C12C03 /* llama.xcframework in Frameworks */,
			);
			runOnlyForDeploymentPostprocessing = 0;
		};
/* End PBXFrameworksBuildPhase section */

/* Begin PBXCopyFilesBuildPhase section */
		C12C12C112C12C0012C12C06 /* Embed Frameworks */ = {
			isa = PBXCopyFilesBuildPhase;
			buildActionMask = 2147483647;
			dstPath = "";
			dstSubfolderSpec = 10;
			files = (
				C12C12C112C12C0012C12C05 /* llama.xcframework in Embed Frameworks */,
			);
			name = "Embed Frameworks";
			runOnlyForDeploymentPostprocessing = 0;
		};
/* End PBXCopyFilesBuildPhase section */

/* Begin PBXGroup section */
		9BCB97DDB42841AC8EB1D925 /* ClinIQ */ = {
			isa = PBXGroup;
			children = (
				5D9727451C9748C495F14F18 /* ClinIQApp.swift */,
				8484FD09DCE042D0B97B0DDC /* Views */,
				1AC41953EDE04466AF7D2C82 /* Models */,
				9E9218AB691C499D87972EDF /* Inference */,
				495B853A87404AB69331FFAD /* Resources */,
				C12C12C112C12C0012C12C07 /* Frameworks */,
			);
			path = ClinIQ;
			sourceTree = "<group>";
		};
		C12C12C112C12C0012C12C07 /* Frameworks */ = {
			isa = PBXGroup;
			children = (
				C12C12C112C12C0012C12C04 /* llama.xcframework */,
			);
			name = Frameworks;
			sourceTree = "<group>";
		};
		8484FD09DCE042D0B97B0DDC /* Views */ = {
			isa = PBXGroup;
			children = (
				8F835508E3704DD9967B6EFE /* ContentView.swift */,
				E92E9B41550E4FC298127CA3 /* ExtractionViewModel.swift */,
			);
			path = Views;
			sourceTree = "<group>";
		};
		1AC41953EDE04466AF7D2C82 /* Models */ = {
			isa = PBXGroup;
			children = (
				3AD5D659DE6B446DBC6C1BCE /* TestCase.swift */,
			);
			path = Models;
			sourceTree = "<group>";
		};
		9E9218AB691C499D87972EDF /* Inference */ = {
			isa = PBXGroup;
			children = (
				F4418689E6BA4353B4601A4B /* PromptBuilder.swift */,
				A62770F4720A4BD480FB9D8D /* InferenceEngine.swift */,
				05AB7170EA8B4682AB7CA77A /* StubInferenceEngine.swift */,
				C12C12C112C12C0012C12C02 /* LlamaCppInferenceEngine.swift */,
			);
			path = Inference;
			sourceTree = "<group>";
		};
		495B853A87404AB69331FFAD /* Resources */ = {
			isa = PBXGroup;
			children = (
				1E5D3AF2D1A64C08A99879D7 /* Info.plist */,
			);
			path = Resources;
			sourceTree = "<group>";
		};
		5DE1E457F30D4226AFEDCD99 = {
			isa = PBXGroup;
			children = (
				9BCB97DDB42841AC8EB1D925 /* ClinIQ */,
				B27A92E78F0744BAAC53CED4 /* Products */,
			);
			sourceTree = "<group>";
		};
		B27A92E78F0744BAAC53CED4 /* Products */ = {
			isa = PBXGroup;
			children = (
				F667F7CDEB334C2C89C7B1FD /* ClinIQ.app */,
			);
			name = Products;
			sourceTree = "<group>";
		};
/* End PBXGroup section */

/* Begin PBXNativeTarget section */
		FB7F6DAC22C046C19211A5A3 /* ClinIQ */ = {
			isa = PBXNativeTarget;
			buildConfigurationList = 2756ECEDB44142BB8D10FF2F /* Build configuration list for PBXNativeTarget "ClinIQ" */;
			buildPhases = (
				0B0C61DD85974C74BBF529F8 /* Sources */,
				89B9BFAD8EE14C5393A30E39 /* Frameworks */,
				2756ECEDB44142BB8D10FF1F /* Resources */,
				C12C12C112C12C0012C12C06 /* Embed Frameworks */,
			);
			buildRules = (
			);
			dependencies = (
			);
			name = ClinIQ;
			productName = ClinIQ;
			productReference = F667F7CDEB334C2C89C7B1FD /* ClinIQ.app */;
			productType = "com.apple.product-type.application";
		};
/* End PBXNativeTarget section */

/* Begin PBXProject section */
		05BF0791347F4CE595862C77 /* Project object */ = {
			isa = PBXProject;
			attributes = {
				BuildIndependentTargetsInParallel = YES;
				LastSwiftUpdateCheck = 1540;
				LastUpgradeCheck = 1540;
				TargetAttributes = {
					FB7F6DAC22C046C19211A5A3 = {
						CreatedOnToolsVersion = 26.4.1;
					};
				};
			};
			buildConfigurationList = FF198A7C2151411A84D768FD /* Build configuration list for PBXProject "ClinIQ" */;
			compatibilityVersion = "Xcode 14.0";
			developmentRegion = en;
			hasScannedForEncodings = 0;
			knownRegions = (
				en,
				Base,
			);
			mainGroup = 5DE1E457F30D4226AFEDCD99;
			productRefGroup = B27A92E78F0744BAAC53CED4 /* Products */;
			projectDirPath = "";
			projectRoot = "";
			targets = (
				FB7F6DAC22C046C19211A5A3 /* ClinIQ */,
			);
		};
/* End PBXProject section */

/* Begin PBXResourcesBuildPhase section */
		2756ECEDB44142BB8D10FF1F /* Resources */ = {
			isa = PBXResourcesBuildPhase;
			buildActionMask = 2147483647;
			files = (
			);
			runOnlyForDeploymentPostprocessing = 0;
		};
/* End PBXResourcesBuildPhase section */

/* Begin PBXSourcesBuildPhase section */
		0B0C61DD85974C74BBF529F8 /* Sources */ = {
			isa = PBXSourcesBuildPhase;
			buildActionMask = 2147483647;
			files = (
				5D9727451C9748C495F14F01 /* ClinIQApp.swift in Sources */,
				8F835508E3704DD9967B6E01 /* ContentView.swift in Sources */,
				E92E9B41550E4FC298127C01 /* ExtractionViewModel.swift in Sources */,
				3AD5D659DE6B446DBC6C1B01 /* TestCase.swift in Sources */,
				F4418689E6BA4353B4601A01 /* PromptBuilder.swift in Sources */,
				A62770F4720A4BD480FB9D01 /* InferenceEngine.swift in Sources */,
				05AB7170EA8B4682AB7CA701 /* StubInferenceEngine.swift in Sources */,
				C12C12C112C12C0012C12C01 /* LlamaCppInferenceEngine.swift in Sources */,
			);
			runOnlyForDeploymentPostprocessing = 0;
		};
/* End PBXSourcesBuildPhase section */

/* Begin XCBuildConfiguration section */
		91B597A524164C8DBC16A501 /* Debug */ = {
			isa = XCBuildConfiguration;
			buildSettings = {
				ALWAYS_SEARCH_USER_PATHS = NO;
				CLANG_ANALYZER_NONNULL = YES;
				CLANG_ANALYZER_NUMBER_OBJECT_CONVERSION = YES_AGGRESSIVE;
				CLANG_CXX_LANGUAGE_STANDARD = "gnu++20";
				CLANG_ENABLE_MODULES = YES;
				CLANG_ENABLE_OBJC_ARC = YES;
				CLANG_ENABLE_OBJC_WEAK = YES;
				CLANG_WARN_BLOCK_CAPTURE_AUTORELEASING = YES;
				CLANG_WARN_BOOL_CONVERSION = YES;
				CLANG_WARN_COMMA = YES;
				CLANG_WARN_CONSTANT_CONVERSION = YES;
				CLANG_WARN_DEPRECATED_OBJC_IMPLEMENTATIONS = YES;
				CLANG_WARN_DIRECT_OBJC_ISA_USAGE = YES_ERROR;
				CLANG_WARN_DOCUMENTATION_COMMENTS = YES;
				CLANG_WARN_EMPTY_BODY = YES;
				CLANG_WARN_ENUM_CONVERSION = YES;
				CLANG_WARN_INFINITE_RECURSION = YES;
				CLANG_WARN_INT_CONVERSION = YES;
				CLANG_WARN_NON_LITERAL_NULL_CONVERSION = YES;
				CLANG_WARN_OBJC_IMPLICIT_RETAIN_SELF = YES;
				CLANG_WARN_OBJC_LITERAL_CONVERSION = YES;
				CLANG_WARN_OBJC_ROOT_CLASS = YES_ERROR;
				CLANG_WARN_QUOTED_INCLUDE_IN_FRAMEWORK_HEADER = YES;
				CLANG_WARN_RANGE_LOOP_ANALYSIS = YES;
				CLANG_WARN_STRICT_PROTOTYPES = YES;
				CLANG_WARN_SUSPICIOUS_MOVE = YES;
				CLANG_WARN_UNGUARDED_AVAILABILITY = YES_AGGRESSIVE;
				CLANG_WARN_UNREACHABLE_CODE = YES;
				CLANG_WARN__DUPLICATE_METHOD_MATCH = YES;
				COPY_PHASE_STRIP = NO;
				DEBUG_INFORMATION_FORMAT = dwarf;
				ENABLE_STRICT_OBJC_MSGSEND = YES;
				ENABLE_TESTABILITY = YES;
				ENABLE_USER_SCRIPT_SANDBOXING = YES;
				GCC_C_LANGUAGE_STANDARD = gnu17;
				GCC_DYNAMIC_NO_PIC = NO;
				GCC_NO_COMMON_BLOCKS = YES;
				GCC_OPTIMIZATION_LEVEL = 0;
				GCC_PREPROCESSOR_DEFINITIONS = (
					"DEBUG=1",
					"$(inherited)",
				);
				GCC_WARN_64_TO_32_BIT_CONVERSION = YES;
				GCC_WARN_ABOUT_RETURN_TYPE = YES_ERROR;
				GCC_WARN_UNDECLARED_SELECTOR = YES;
				GCC_WARN_UNINITIALIZED_AUTOS = YES_AGGRESSIVE;
				GCC_WARN_UNUSED_FUNCTION = YES;
				GCC_WARN_UNUSED_VARIABLE = YES;
				IPHONEOS_DEPLOYMENT_TARGET = 17.0;
				LOCALIZATION_PREFERS_STRING_CATALOGS = YES;
				MTL_ENABLE_DEBUG_INFO = INCLUDE_SOURCE;
				MTL_FAST_MATH = YES;
				ONLY_ACTIVE_ARCH = YES;
				SDKROOT = iphoneos;
				SWIFT_ACTIVE_COMPILATION_CONDITIONS = "DEBUG $(inherited)";
				SWIFT_OPTIMIZATION_LEVEL = "-Onone";
			};
			name = Debug;
		};
		91B597A524164C8DBC16A502 /* Release */ = {
			isa = XCBuildConfiguration;
			buildSettings = {
				ALWAYS_SEARCH_USER_PATHS = NO;
				CLANG_ANALYZER_NONNULL = YES;
				CLANG_ANALYZER_NUMBER_OBJECT_CONVERSION = YES_AGGRESSIVE;
				CLANG_CXX_LANGUAGE_STANDARD = "gnu++20";
				CLANG_ENABLE_MODULES = YES;
				CLANG_ENABLE_OBJC_ARC = YES;
				CLANG_ENABLE_OBJC_WEAK = YES;
				CLANG_WARN_BLOCK_CAPTURE_AUTORELEASING = YES;
				CLANG_WARN_BOOL_CONVERSION = YES;
				CLANG_WARN_COMMA = YES;
				CLANG_WARN_CONSTANT_CONVERSION = YES;
				CLANG_WARN_DEPRECATED_OBJC_IMPLEMENTATIONS = YES;
				CLANG_WARN_DIRECT_OBJC_ISA_USAGE = YES_ERROR;
				CLANG_WARN_DOCUMENTATION_COMMENTS = YES;
				CLANG_WARN_EMPTY_BODY = YES;
				CLANG_WARN_ENUM_CONVERSION = YES;
				CLANG_WARN_INFINITE_RECURSION = YES;
				CLANG_WARN_INT_CONVERSION = YES;
				CLANG_WARN_NON_LITERAL_NULL_CONVERSION = YES;
				CLANG_WARN_OBJC_IMPLICIT_RETAIN_SELF = YES;
				CLANG_WARN_OBJC_LITERAL_CONVERSION = YES;
				CLANG_WARN_OBJC_ROOT_CLASS = YES_ERROR;
				CLANG_WARN_QUOTED_INCLUDE_IN_FRAMEWORK_HEADER = YES;
				CLANG_WARN_RANGE_LOOP_ANALYSIS = YES;
				CLANG_WARN_STRICT_PROTOTYPES = YES;
				CLANG_WARN_SUSPICIOUS_MOVE = YES;
				CLANG_WARN_UNGUARDED_AVAILABILITY = YES_AGGRESSIVE;
				CLANG_WARN_UNREACHABLE_CODE = YES;
				CLANG_WARN__DUPLICATE_METHOD_MATCH = YES;
				COPY_PHASE_STRIP = NO;
				DEBUG_INFORMATION_FORMAT = "dwarf-with-dsym";
				ENABLE_NS_ASSERTIONS = NO;
				ENABLE_STRICT_OBJC_MSGSEND = YES;
				ENABLE_USER_SCRIPT_SANDBOXING = YES;
				GCC_C_LANGUAGE_STANDARD = gnu17;
				GCC_NO_COMMON_BLOCKS = YES;
				GCC_WARN_64_TO_32_BIT_CONVERSION = YES;
				GCC_WARN_ABOUT_RETURN_TYPE = YES_ERROR;
				GCC_WARN_UNDECLARED_SELECTOR = YES;
				GCC_WARN_UNINITIALIZED_AUTOS = YES_AGGRESSIVE;
				GCC_WARN_UNUSED_FUNCTION = YES;
				GCC_WARN_UNUSED_VARIABLE = YES;
				IPHONEOS_DEPLOYMENT_TARGET = 17.0;
				LOCALIZATION_PREFERS_STRING_CATALOGS = YES;
				MTL_ENABLE_DEBUG_INFO = NO;
				MTL_FAST_MATH = YES;
				SDKROOT = iphoneos;
				SWIFT_COMPILATION_MODE = wholemodule;
				VALIDATE_PRODUCT = YES;
			};
			name = Release;
		};
		91B597A524164C8DBC16A503 /* Debug */ = {
			isa = XCBuildConfiguration;
			buildSettings = {
				ASSETCATALOG_COMPILER_APPICON_NAME = AppIcon;
				ASSETCATALOG_COMPILER_GLOBAL_ACCENT_COLOR_NAME = AccentColor;
				CODE_SIGN_STYLE = Automatic;
				CURRENT_PROJECT_VERSION = 1;
				DEVELOPMENT_ASSET_PATHS = "";
				ENABLE_PREVIEWS = YES;
				FRAMEWORK_SEARCH_PATHS = (
					"$(inherited)",
					"$(PROJECT_DIR)/Frameworks",
				);
				GENERATE_INFOPLIST_FILE = NO;
				INFOPLIST_FILE = ClinIQ/Resources/Info.plist;
				INFOPLIST_KEY_UIApplicationSceneManifest_Generation = YES;
				INFOPLIST_KEY_UIApplicationSupportsControlCenter_Generation = YES;
				INFOPLIST_KEY_UILaunchScreen_Generation = YES;
				INFOPLIST_KEY_UISupportedInterfaceOrientations_iPad = "UIInterfaceOrientationPortrait UIInterfaceOrientationPortraitUpsideDown UIInterfaceOrientationLandscapeLeft UIInterfaceOrientationLandscapeRight";
				INFOPLIST_KEY_UISupportedInterfaceOrientations_iPhone = "UIInterfaceOrientationPortrait UIInterfaceOrientationLandscapeLeft UIInterfaceOrientationLandscapeRight";
				IPHONEOS_DEPLOYMENT_TARGET = 17.0;
				LD_RUNPATH_SEARCH_PATHS = (
					"$(inherited)",
					"@executable_path/Frameworks",
				);
				MARKETING_VERSION = 0.1.0;
				PRODUCT_BUNDLE_IDENTIFIER = com.cliniq.ClinIQ;
				PRODUCT_NAME = "$(TARGET_NAME)";
				SWIFT_EMIT_LOC_STRINGS = YES;
				SWIFT_VERSION = 5.0;
				TARGETED_DEVICE_FAMILY = "1,2";
			};
			name = Debug;
		};
		91B597A524164C8DBC16A504 /* Release */ = {
			isa = XCBuildConfiguration;
			buildSettings = {
				ASSETCATALOG_COMPILER_APPICON_NAME = AppIcon;
				ASSETCATALOG_COMPILER_GLOBAL_ACCENT_COLOR_NAME = AccentColor;
				CODE_SIGN_STYLE = Automatic;
				CURRENT_PROJECT_VERSION = 1;
				DEVELOPMENT_ASSET_PATHS = "";
				ENABLE_PREVIEWS = YES;
				FRAMEWORK_SEARCH_PATHS = (
					"$(inherited)",
					"$(PROJECT_DIR)/Frameworks",
				);
				GENERATE_INFOPLIST_FILE = NO;
				INFOPLIST_FILE = ClinIQ/Resources/Info.plist;
				INFOPLIST_KEY_UIApplicationSceneManifest_Generation = YES;
				INFOPLIST_KEY_UIApplicationSupportsControlCenter_Generation = YES;
				INFOPLIST_KEY_UILaunchScreen_Generation = YES;
				INFOPLIST_KEY_UISupportedInterfaceOrientations_iPad = "UIInterfaceOrientationPortrait UIInterfaceOrientationPortraitUpsideDown UIInterfaceOrientationLandscapeLeft UIInterfaceOrientationLandscapeRight";
				INFOPLIST_KEY_UISupportedInterfaceOrientations_iPhone = "UIInterfaceOrientationPortrait UIInterfaceOrientationLandscapeLeft UIInterfaceOrientationLandscapeRight";
				IPHONEOS_DEPLOYMENT_TARGET = 17.0;
				LD_RUNPATH_SEARCH_PATHS = (
					"$(inherited)",
					"@executable_path/Frameworks",
				);
				MARKETING_VERSION = 0.1.0;
				PRODUCT_BUNDLE_IDENTIFIER = com.cliniq.ClinIQ;
				PRODUCT_NAME = "$(TARGET_NAME)";
				SWIFT_EMIT_LOC_STRINGS = YES;
				SWIFT_VERSION = 5.0;
				TARGETED_DEVICE_FAMILY = "1,2";
			};
			name = Release;
		};
/* End XCBuildConfiguration section */

/* Begin XCConfigurationList section */
		FF198A7C2151411A84D768FD /* Build configuration list for PBXProject "ClinIQ" */ = {
			isa = XCConfigurationList;
			buildConfigurations = (
				91B597A524164C8DBC16A501 /* Debug */,
				91B597A524164C8DBC16A502 /* Release */,
			);
			defaultConfigurationIsVisible = 0;
			defaultConfigurationName = Release;
		};
		2756ECEDB44142BB8D10FF2F /* Build configuration list for PBXNativeTarget "ClinIQ" */ = {
			isa = XCConfigurationList;
			buildConfigurations = (
				91B597A524164C8DBC16A503 /* Debug */,
				91B597A524164C8DBC16A504 /* Release */,
			);
			defaultConfigurationIsVisible = 0;
			defaultConfigurationName = Release;
		};
/* End XCConfigurationList section */
	};
	rootObject = 05BF0791347F4CE595862C77 /* Project object */;
}
