// !$*UTF8*$!
{
	archiveVersion = 1;
	classes = {
	};
	objectVersion = 60;
	objects = {

/* Begin PBXBuildFile section */
		5D9727451C9748C495F14F01 /* ClinIQApp.swift in Sources */ = {isa = PBXBuildFile; fileRef = 5D9727451C9748C495F14F18 /* ClinIQApp.swift */; };
		8F835508E3704DD9967B6E01 /* ContentView.swift in Sources */ = {isa = PBXBuildFile; fileRef = 8F835508E3704DD9967B6EFE /* ContentView.swift */; };
		E92E9B41550E4FC298127C01 /* ExtractionViewModel.swift in Sources */ = {isa = PBXBuildFile; fileRef = E92E9B41550E4FC298127CA3 /* ExtractionViewModel.swift */; };
		3AD5D659DE6B446DBC6C1B01 /* TestCase.swift in Sources */ = {isa = PBXBuildFile; fileRef = 3AD5D659DE6B446DBC6C1BCE /* TestCase.swift */; };
		F4418689E6BA4353B4601A01 /* PromptBuilder.swift in Sources */ = {isa = PBXBuildFile; fileRef = F4418689E6BA4353B4601A4B /* PromptBuilder.swift */; };
		A62770F4720A4BD480FB9D01 /* InferenceEngine.swift in Sources */ = {isa = PBXBuildFile; fileRef = A62770F4720A4BD480FB9D8D /* InferenceEngine.swift */; };
		05AB7170EA8B4682AB7CA701 /* StubInferenceEngine.swift in Sources */ = {isa = PBXBuildFile; fileRef = 05AB7170EA8B4682AB7CA77A /* StubInferenceEngine.swift */; };
		C12C12C112C12C0012C12C01 /* LlamaCppInferenceEngine.swift in Sources */ = {isa = PBXBuildFile; fileRef = C12C12C112C12C0012C12C02 /* LlamaCppInferenceEngine.swift */; };
		E14C141E00000101E14C141E /* InferenceMetrics.swift in Sources */ = {isa = PBXBuildFile; fileRef = E14C141E00000102E14C141E /* InferenceMetrics.swift */; };
		E14C141F00000101E14C141F /* InferenceStatusBar.swift in Sources */ = {isa = PBXBuildFile; fileRef = E14C141F00000102E14C141F /* InferenceStatusBar.swift */; };
		C12C12C112C12C0012C12C03 /* llama.xcframework in Frameworks */ = {isa = PBXBuildFile; fileRef = C12C12C112C12C0012C12C04 /* llama.xcframework */; };
		C12C12C112C12C0012C12C05 /* llama.xcframework in Embed Frameworks */ = {isa = PBXBuildFile; fileRef = C12C12C112C12C0012C12C04 /* llama.xcframework */; settings = {ATTRIBUTES = (CodeSignOnCopy, RemoveHeadersOnCopy, ); }; };
		C15C15C115C15C0015C15C01 /* LiteRtLmInferenceEngine.swift in Sources */ = {isa = PBXBuildFile; fileRef = C15C15C115C15C0015C15C02 /* LiteRtLmInferenceEngine.swift */; };
		C15C15C115C15C0015C15C03 /* LiteRtLm in Frameworks */ = {isa = PBXBuildFile; productRef = C15C15C115C15C0015C15C04 /* LiteRtLm */; };
		D13C130100000101D13C1301 /* Models.swift in Sources */ = {isa = PBXBuildFile; fileRef = D13C130100000102D13C1301 /* Models.swift */; };
		D13C130200000101D13C1302 /* PersistenceController.swift in Sources */ = {isa = PBXBuildFile; fileRef = D13C130200000102D13C1302 /* PersistenceController.swift */; };
		D13C130300000101D13C1303 /* DemoSeed.swift in Sources */ = {isa = PBXBuildFile; fileRef = D13C130300000102D13C1303 /* DemoSeed.swift */; };
		D13C130400000101D13C1304 /* NetworkMonitor.swift in Sources */ = {isa = PBXBuildFile; fileRef = D13C130400000102D13C1304 /* NetworkMonitor.swift */; };
		D13C130500000101D13C1305 /* SyncConfig.swift in Sources */ = {isa = PBXBuildFile; fileRef = D13C130500000102D13C1305 /* SyncConfig.swift */; };
		D13C130600000101D13C1306 /* SyncService.swift in Sources */ = {isa = PBXBuildFile; fileRef = D13C130600000102D13C1306 /* SyncService.swift */; };
		D13C130700000101D13C1307 /* ExtractionParser.swift in Sources */ = {isa = PBXBuildFile; fileRef = D13C130700000102D13C1307 /* ExtractionParser.swift */; };
		D13C130800000101D13C1308 /* ExtractionService.swift in Sources */ = {isa = PBXBuildFile; fileRef = D13C130800000102D13C1308 /* ExtractionService.swift */; };
		D13C130A00000101D13C130A /* EicrPreparser.swift in Sources */ = {isa = PBXBuildFile; fileRef = D13C130A00000102D13C130A /* EicrPreparser.swift */; };
		D13C130B00000101D13C130B /* LookupTable.swift in Sources */ = {isa = PBXBuildFile; fileRef = D13C130B00000102D13C130B /* LookupTable.swift */; };
		D13C130C00000101D13C130C /* ReportableConditions.swift in Sources */ = {isa = PBXBuildFile; fileRef = D13C130C00000102D13C130C /* ReportableConditions.swift */; };
		D13C130D00000101D13C130D /* RagSearch.swift in Sources */ = {isa = PBXBuildFile; fileRef = D13C130D00000102D13C130D /* RagSearch.swift */; };
		D13C130E00000101D13C130E /* AgentRunner.swift in Sources */ = {isa = PBXBuildFile; fileRef = D13C130E00000102D13C130E /* AgentRunner.swift */; };
		D13C130F00000101D13C130F /* GemmaToolTemplate.swift in Sources */ = {isa = PBXBuildFile; fileRef = D13C130F00000102D13C130F /* GemmaToolTemplate.swift */; };
		D13C131A00000101D13C131A /* ToolCallParser.swift in Sources */ = {isa = PBXBuildFile; fileRef = D13C131A00000102D13C131A /* ToolCallParser.swift */; };
		D13C132A00000101D13C132A /* ToolCallGrammarResource.swift in Sources */ = {isa = PBXBuildFile; fileRef = D13C132A00000102D13C132A /* ToolCallGrammarResource.swift */; };
		D13C133000000101D13C1330 /* BundleBuilder.swift in Sources */ = {isa = PBXBuildFile; fileRef = D13C133000000102D13C1330 /* BundleBuilder.swift */; };
		D13C131B00000101D13C131B /* ProvenanceBadge.swift in Sources */ = {isa = PBXBuildFile; fileRef = D13C131B00000102D13C131B /* ProvenanceBadge.swift */; };
		D13C131E00000101D13C131E /* ProvenanceLegend.swift in Sources */ = {isa = PBXBuildFile; fileRef = D13C131E00000102D13C131E /* ProvenanceLegend.swift */; };
		D13C133100000101D13C1331 /* FHIRBundleSheet.swift in Sources */ = {isa = PBXBuildFile; fileRef = D13C133100000102D13C1331 /* FHIRBundleSheet.swift */; };
		D13C131C00000101D13C131C /* SpeechDictationService.swift in Sources */ = {isa = PBXBuildFile; fileRef = D13C131C00000102D13C131C /* SpeechDictationService.swift */; };
		D13C131D00000101D13C131D /* DictationButton.swift in Sources */ = {isa = PBXBuildFile; fileRef = D13C131D00000102D13C131D /* DictationButton.swift */; };
		D13C130900000101D13C1309 /* RootView.swift in Sources */ = {isa = PBXBuildFile; fileRef = D13C130900000102D13C1309 /* RootView.swift */; };
		D13C131000000101D13C1310 /* Theme.swift in Sources */ = {isa = PBXBuildFile; fileRef = D13C131000000102D13C1310 /* Theme.swift */; };
		D13C131100000101D13C1311 /* StatusBadge.swift in Sources */ = {isa = PBXBuildFile; fileRef = D13C131100000102D13C1311 /* StatusBadge.swift */; };
		D13C131200000101D13C1312 /* OfflineBanner.swift in Sources */ = {isa = PBXBuildFile; fileRef = D13C131200000102D13C1312 /* OfflineBanner.swift */; };
		D13C131300000101D13C1313 /* EntityRow.swift in Sources */ = {isa = PBXBuildFile; fileRef = D13C131300000102D13C1313 /* EntityRow.swift */; };
		D13C131400000101D13C1314 /* CasesTab.swift in Sources */ = {isa = PBXBuildFile; fileRef = D13C131400000102D13C1314 /* CasesTab.swift */; };
		D13C131500000101D13C1315 /* NewCaseView.swift in Sources */ = {isa = PBXBuildFile; fileRef = D13C131500000102D13C1315 /* NewCaseView.swift */; };
		D13C131600000101D13C1316 /* CaseDetailView.swift in Sources */ = {isa = PBXBuildFile; fileRef = D13C131600000102D13C1316 /* CaseDetailView.swift */; };
		D13C131700000101D13C1317 /* ReviewFlowView.swift in Sources */ = {isa = PBXBuildFile; fileRef = D13C131700000102D13C1317 /* ReviewFlowView.swift */; };
		D13C131800000101D13C1318 /* OutboxTab.swift in Sources */ = {isa = PBXBuildFile; fileRef = D13C131800000102D13C1318 /* OutboxTab.swift */; };
		D13C131900000101D13C1319 /* HistoryTab.swift in Sources */ = {isa = PBXBuildFile; fileRef = D13C131900000102D13C1319 /* HistoryTab.swift */; };
		D13C132000000101D13C1320 /* SettingsTab.swift in Sources */ = {isa = PBXBuildFile; fileRef = D13C132000000102D13C1320 /* SettingsTab.swift */; };
		D13C150100000101D13C1501 /* LocalPatient.swift in Sources */ = {isa = PBXBuildFile; fileRef = D13C150100000102D13C1501 /* LocalPatient.swift */; };
		D13C150200000101D13C1502 /* LongitudinalSeedData.swift in Sources */ = {isa = PBXBuildFile; fileRef = D13C150200000102D13C1502 /* LongitudinalSeedData.swift */; };
		D13C150300000101D13C1503 /* CaseDiff.swift in Sources */ = {isa = PBXBuildFile; fileRef = D13C150300000102D13C1503 /* CaseDiff.swift */; };
		D13C150400000101D13C1504 /* PatientTimelineView.swift in Sources */ = {isa = PBXBuildFile; fileRef = D13C150400000102D13C1504 /* PatientTimelineView.swift */; };
		D13C150500000101D13C1505 /* WhatsNewBanner.swift in Sources */ = {isa = PBXBuildFile; fileRef = D13C150500000102D13C1505 /* WhatsNewBanner.swift */; };
/* End PBXBuildFile section */

/* Begin PBXFileReference section */
		5D9727451C9748C495F14F18 /* ClinIQApp.swift */ = {isa = PBXFileReference; lastKnownFileType = sourcecode.swift; path = ClinIQApp.swift; sourceTree = "<group>"; };
		8F835508E3704DD9967B6EFE /* ContentView.swift */ = {isa = PBXFileReference; lastKnownFileType = sourcecode.swift; path = ContentView.swift; sourceTree = "<group>"; };
		E92E9B41550E4FC298127CA3 /* ExtractionViewModel.swift */ = {isa = PBXFileReference; lastKnownFileType = sourcecode.swift; path = ExtractionViewModel.swift; sourceTree = "<group>"; };
		3AD5D659DE6B446DBC6C1BCE /* TestCase.swift */ = {isa = PBXFileReference; lastKnownFileType = sourcecode.swift; path = TestCase.swift; sourceTree = "<group>"; };
		F4418689E6BA4353B4601A4B /* PromptBuilder.swift */ = {isa = PBXFileReference; lastKnownFileType = sourcecode.swift; path = PromptBuilder.swift; sourceTree = "<group>"; };
		A62770F4720A4BD480FB9D8D /* InferenceEngine.swift */ = {isa = PBXFileReference; lastKnownFileType = sourcecode.swift; path = InferenceEngine.swift; sourceTree = "<group>"; };
		05AB7170EA8B4682AB7CA77A /* StubInferenceEngine.swift */ = {isa = PBXFileReference; lastKnownFileType = sourcecode.swift; path = StubInferenceEngine.swift; sourceTree = "<group>"; };
		1E5D3AF2D1A64C08A99879D7 /* Info.plist */ = {isa = PBXFileReference; lastKnownFileType = text.plist.xml; path = Info.plist; sourceTree = "<group>"; };
		F667F7CDEB334C2C89C7B1FD /* ClinIQ.app */ = {isa = PBXFileReference; explicitFileType = wrapper.application; includeInIndex = 0; path = ClinIQ.app; sourceTree = BUILT_PRODUCTS_DIR; };
		C12C12C112C12C0012C12C02 /* LlamaCppInferenceEngine.swift */ = {isa = PBXFileReference; lastKnownFileType = sourcecode.swift; path = LlamaCppInferenceEngine.swift; sourceTree = "<group>"; };
		E14C141E00000102E14C141E /* InferenceMetrics.swift */ = {isa = PBXFileReference; lastKnownFileType = sourcecode.swift; path = InferenceMetrics.swift; sourceTree = "<group>"; };
		E14C141F00000102E14C141F /* InferenceStatusBar.swift */ = {isa = PBXFileReference; lastKnownFileType = sourcecode.swift; path = InferenceStatusBar.swift; sourceTree = "<group>"; };
		C12C12C112C12C0012C12C04 /* llama.xcframework */ = {isa = PBXFileReference; lastKnownFileType = wrapper.xcframework; name = llama.xcframework; path = Frameworks/llama.xcframework; sourceTree = SOURCE_ROOT; };
		C15C15C115C15C0015C15C02 /* LiteRtLmInferenceEngine.swift */ = {isa = PBXFileReference; lastKnownFileType = sourcecode.swift; path = LiteRtLmInferenceEngine.swift; sourceTree = "<group>"; };
		C15C15C115C15C0015C15C05 /* LiteRtLm (local) */ = {isa = PBXFileReference; lastKnownFileType = wrapper; name = "litertlm-swift"; path = ../../litertlm-swift; sourceTree = "<group>"; };
		D13C130100000102D13C1301 /* Models.swift */ = {isa = PBXFileReference; lastKnownFileType = sourcecode.swift; path = Models.swift; sourceTree = "<group>"; };
		D13C130200000102D13C1302 /* PersistenceController.swift */ = {isa = PBXFileReference; lastKnownFileType = sourcecode.swift; path = PersistenceController.swift; sourceTree = "<group>"; };
		D13C130300000102D13C1303 /* DemoSeed.swift */ = {isa = PBXFileReference; lastKnownFileType = sourcecode.swift; path = DemoSeed.swift; sourceTree = "<group>"; };
		D13C130400000102D13C1304 /* NetworkMonitor.swift */ = {isa = PBXFileReference; lastKnownFileType = sourcecode.swift; path = NetworkMonitor.swift; sourceTree = "<group>"; };
		D13C130500000102D13C1305 /* SyncConfig.swift */ = {isa = PBXFileReference; lastKnownFileType = sourcecode.swift; path = SyncConfig.swift; sourceTree = "<group>"; };
		D13C130600000102D13C1306 /* SyncService.swift */ = {isa = PBXFileReference; lastKnownFileType = sourcecode.swift; path = SyncService.swift; sourceTree = "<group>"; };
		D13C130700000102D13C1307 /* ExtractionParser.swift */ = {isa = PBXFileReference; lastKnownFileType = sourcecode.swift; path = ExtractionParser.swift; sourceTree = "<group>"; };
		D13C130800000102D13C1308 /* ExtractionService.swift */ = {isa = PBXFileReference; lastKnownFileType = sourcecode.swift; path = ExtractionService.swift; sourceTree = "<group>"; };
		D13C130A00000102D13C130A /* EicrPreparser.swift */ = {isa = PBXFileReference; lastKnownFileType = sourcecode.swift; path = EicrPreparser.swift; sourceTree = "<group>"; };
		D13C130B00000102D13C130B /* LookupTable.swift */ = {isa = PBXFileReference; lastKnownFileType = sourcecode.swift; path = LookupTable.swift; sourceTree = "<group>"; };
		D13C130C00000102D13C130C /* ReportableConditions.swift */ = {isa = PBXFileReference; lastKnownFileType = sourcecode.swift; path = ReportableConditions.swift; sourceTree = "<group>"; };
		D13C130D00000102D13C130D /* RagSearch.swift */ = {isa = PBXFileReference; lastKnownFileType = sourcecode.swift; path = RagSearch.swift; sourceTree = "<group>"; };
		D13C130E00000102D13C130E /* AgentRunner.swift */ = {isa = PBXFileReference; lastKnownFileType = sourcecode.swift; path = AgentRunner.swift; sourceTree = "<group>"; };
		D13C130F00000102D13C130F /* GemmaToolTemplate.swift */ = {isa = PBXFileReference; lastKnownFileType = sourcecode.swift; path = GemmaToolTemplate.swift; sourceTree = "<group>"; };
		D13C131A00000102D13C131A /* ToolCallParser.swift */ = {isa = PBXFileReference; lastKnownFileType = sourcecode.swift; path = ToolCallParser.swift; sourceTree = "<group>"; };
		D13C132A00000102D13C132A /* ToolCallGrammarResource.swift */ = {isa = PBXFileReference; lastKnownFileType = sourcecode.swift; path = ToolCallGrammarResource.swift; sourceTree = "<group>"; };
		D13C133000000102D13C1330 /* BundleBuilder.swift */ = {isa = PBXFileReference; lastKnownFileType = sourcecode.swift; path = BundleBuilder.swift; sourceTree = "<group>"; };
		D13C131B00000102D13C131B /* ProvenanceBadge.swift */ = {isa = PBXFileReference; lastKnownFileType = sourcecode.swift; path = ProvenanceBadge.swift; sourceTree = "<group>"; };
		D13C131E00000102D13C131E /* ProvenanceLegend.swift */ = {isa = PBXFileReference; lastKnownFileType = sourcecode.swift; path = ProvenanceLegend.swift; sourceTree = "<group>"; };
		D13C133100000102D13C1331 /* FHIRBundleSheet.swift */ = {isa = PBXFileReference; lastKnownFileType = sourcecode.swift; path = FHIRBundleSheet.swift; sourceTree = "<group>"; };
		D13C131C00000102D13C131C /* SpeechDictationService.swift */ = {isa = PBXFileReference; lastKnownFileType = sourcecode.swift; path = SpeechDictationService.swift; sourceTree = "<group>"; };
		D13C131D00000102D13C131D /* DictationButton.swift */ = {isa = PBXFileReference; lastKnownFileType = sourcecode.swift; path = DictationButton.swift; sourceTree = "<group>"; };
		D13C130900000102D13C1309 /* RootView.swift */ = {isa = PBXFileReference; lastKnownFileType = sourcecode.swift; path = RootView.swift; sourceTree = "<group>"; };
		D13C131000000102D13C1310 /* Theme.swift */ = {isa = PBXFileReference; lastKnownFileType = sourcecode.swift; path = Theme.swift; sourceTree = "<group>"; };
		D13C131100000102D13C1311 /* StatusBadge.swift */ = {isa = PBXFileReference; lastKnownFileType = sourcecode.swift; path = StatusBadge.swift; sourceTree = "<group>"; };
		D13C131200000102D13C1312 /* OfflineBanner.swift */ = {isa = PBXFileReference; lastKnownFileType = sourcecode.swift; path = OfflineBanner.swift; sourceTree = "<group>"; };
		D13C131300000102D13C1313 /* EntityRow.swift */ = {isa = PBXFileReference; lastKnownFileType = sourcecode.swift; path = EntityRow.swift; sourceTree = "<group>"; };
		D13C131400000102D13C1314 /* CasesTab.swift */ = {isa = PBXFileReference; lastKnownFileType = sourcecode.swift; path = CasesTab.swift; sourceTree = "<group>"; };
		D13C131500000102D13C1315 /* NewCaseView.swift */ = {isa = PBXFileReference; lastKnownFileType = sourcecode.swift; path = NewCaseView.swift; sourceTree = "<group>"; };
		D13C131600000102D13C1316 /* CaseDetailView.swift */ = {isa = PBXFileReference; lastKnownFileType = sourcecode.swift; path = CaseDetailView.swift; sourceTree = "<group>"; };
		D13C131700000102D13C1317 /* ReviewFlowView.swift */ = {isa = PBXFileReference; lastKnownFileType = sourcecode.swift; path = ReviewFlowView.swift; sourceTree = "<group>"; };
		D13C131800000102D13C1318 /* OutboxTab.swift */ = {isa = PBXFileReference; lastKnownFileType = sourcecode.swift; path = OutboxTab.swift; sourceTree = "<group>"; };
		D13C131900000102D13C1319 /* HistoryTab.swift */ = {isa = PBXFileReference; lastKnownFileType = sourcecode.swift; path = HistoryTab.swift; sourceTree = "<group>"; };
		D13C132000000102D13C1320 /* SettingsTab.swift */ = {isa = PBXFileReference; lastKnownFileType = sourcecode.swift; path = SettingsTab.swift; sourceTree = "<group>"; };
		D13C150100000102D13C1501 /* LocalPatient.swift */ = {isa = PBXFileReference; lastKnownFileType = sourcecode.swift; path = LocalPatient.swift; sourceTree = "<group>"; };
		D13C150200000102D13C1502 /* LongitudinalSeedData.swift */ = {isa = PBXFileReference; lastKnownFileType = sourcecode.swift; path = LongitudinalSeedData.swift; sourceTree = "<group>"; };
		D13C150300000102D13C1503 /* CaseDiff.swift */ = {isa = PBXFileReference; lastKnownFileType = sourcecode.swift; path = CaseDiff.swift; sourceTree = "<group>"; };
		D13C150400000102D13C1504 /* PatientTimelineView.swift */ = {isa = PBXFileReference; lastKnownFileType = sourcecode.swift; path = PatientTimelineView.swift; sourceTree = "<group>"; };
		D13C150500000102D13C1505 /* WhatsNewBanner.swift */ = {isa = PBXFileReference; lastKnownFileType = sourcecode.swift; path = WhatsNewBanner.swift; sourceTree = "<group>"; };
/* End PBXFileReference section */

/* Begin PBXFrameworksBuildPhase section */
		89B9BFAD8EE14C5393A30E39 /* Frameworks */ = {
			isa = PBXFrameworksBuildPhase;
			buildActionMask = 2147483647;
			files = (
				C12C12C112C12C0012C12C03 /* llama.xcframework in Frameworks */,
				C15C15C115C15C0015C15C03 /* LiteRtLm in Frameworks */,
			);
			runOnlyForDeploymentPostprocessing = 0;
		};
/* End PBXFrameworksBuildPhase section */

/* Begin PBXCopyFilesBuildPhase section */
		C12C12C112C12C0012C12C06 /* Embed Frameworks */ = {
			isa = PBXCopyFilesBuildPhase;
			buildActionMask = 2147483647;
			dstPath = "";
			dstSubfolderSpec = 10;
			files = (
				C12C12C112C12C0012C12C05 /* llama.xcframework in Embed Frameworks */,
			);
			name = "Embed Frameworks";
			runOnlyForDeploymentPostprocessing = 0;
		};
/* End PBXCopyFilesBuildPhase section */

/* Begin PBXGroup section */
		9BCB97DDB42841AC8EB1D925 /* ClinIQ */ = {
			isa = PBXGroup;
			children = (
				5D9727451C9748C495F14F18 /* ClinIQApp.swift */,
				8484FD09DCE042D0B97B0DDC /* Views */,
				1AC41953EDE04466AF7D2C82 /* Models */,
				D13C140000000000D13C1400 /* Persistence */,
				D13C140100000000D13C1401 /* Sync */,
				D13C140200000000D13C1402 /* Extraction */,
				9E9218AB691C499D87972EDF /* Inference */,
				D13C141100000000D13C1411 /* Audio */,
				495B853A87404AB69331FFAD /* Resources */,
				C12C12C112C12C0012C12C07 /* Frameworks */,
			);
			path = ClinIQ;
			sourceTree = "<group>";
		};
		D13C141100000000D13C1411 /* Audio */ = {
			isa = PBXGroup;
			children = (
				D13C131C00000102D13C131C /* SpeechDictationService.swift */,
				D13C131D00000102D13C131D /* DictationButton.swift */,
			);
			path = Audio;
			sourceTree = "<group>";
		};
		C12C12C112C12C0012C12C07 /* Frameworks */ = {
			isa = PBXGroup;
			children = (
				C12C12C112C12C0012C12C04 /* llama.xcframework */,
			);
			name = Frameworks;
			sourceTree = "<group>";
		};
		8484FD09DCE042D0B97B0DDC /* Views */ = {
			isa = PBXGroup;
			children = (
				D13C130900000102D13C1309 /* RootView.swift */,
				8F835508E3704DD9967B6EFE /* ContentView.swift */,
				E92E9B41550E4FC298127CA3 /* ExtractionViewModel.swift */,
				D13C140300000000D13C1403 /* Components */,
				D13C140400000000D13C1404 /* Cases */,
				D13C140500000000D13C1405 /* Review */,
				D13C140600000000D13C1406 /* Outbox */,
				D13C140700000000D13C1407 /* History */,
				D13C140800000000D13C1408 /* Settings */,
			);
			path = Views;
			sourceTree = "<group>";
		};
		D13C140300000000D13C1403 /* Components */ = {
			isa = PBXGroup;
			children = (
				D13C131000000102D13C1310 /* Theme.swift */,
				D13C131100000102D13C1311 /* StatusBadge.swift */,
				D13C131200000102D13C1312 /* OfflineBanner.swift */,
				E14C141F00000102E14C141F /* InferenceStatusBar.swift */,
				D13C131300000102D13C1313 /* EntityRow.swift */,
				D13C131B00000102D13C131B /* ProvenanceBadge.swift */,
				D13C131E00000102D13C131E /* ProvenanceLegend.swift */,
				D13C133100000102D13C1331 /* FHIRBundleSheet.swift */,
				D13C150500000102D13C1505 /* WhatsNewBanner.swift */,
			);
			path = Components;
			sourceTree = "<group>";
		};
		D13C140400000000D13C1404 /* Cases */ = {
			isa = PBXGroup;
			children = (
				D13C131400000102D13C1314 /* CasesTab.swift */,
				D13C131500000102D13C1315 /* NewCaseView.swift */,
				D13C131600000102D13C1316 /* CaseDetailView.swift */,
				D13C150400000102D13C1504 /* PatientTimelineView.swift */,
			);
			path = Cases;
			sourceTree = "<group>";
		};
		D13C140500000000D13C1405 /* Review */ = {
			isa = PBXGroup;
			children = (
				D13C131700000102D13C1317 /* ReviewFlowView.swift */,
			);
			path = Review;
			sourceTree = "<group>";
		};
		D13C140600000000D13C1406 /* Outbox */ = {
			isa = PBXGroup;
			children = (
				D13C131800000102D13C1318 /* OutboxTab.swift */,
			);
			path = Outbox;
			sourceTree = "<group>";
		};
		D13C140700000000D13C1407 /* History */ = {
			isa = PBXGroup;
			children = (
				D13C131900000102D13C1319 /* HistoryTab.swift */,
			);
			path = History;
			sourceTree = "<group>";
		};
		D13C140800000000D13C1408 /* Settings */ = {
			isa = PBXGroup;
			children = (
				D13C132000000102D13C1320 /* SettingsTab.swift */,
			);
			path = Settings;
			sourceTree = "<group>";
		};
		1AC41953EDE04466AF7D2C82 /* Models */ = {
			isa = PBXGroup;
			children = (
				3AD5D659DE6B446DBC6C1BCE /* TestCase.swift */,
			);
			path = Models;
			sourceTree = "<group>";
		};
		D13C140000000000D13C1400 /* Persistence */ = {
			isa = PBXGroup;
			children = (
				D13C130100000102D13C1301 /* Models.swift */,
				D13C130200000102D13C1302 /* PersistenceController.swift */,
				D13C130300000102D13C1303 /* DemoSeed.swift */,
				D13C150100000102D13C1501 /* LocalPatient.swift */,
				D13C150200000102D13C1502 /* LongitudinalSeedData.swift */,
			);
			path = Persistence;
			sourceTree = "<group>";
		};
		D13C140100000000D13C1401 /* Sync */ = {
			isa = PBXGroup;
			children = (
				D13C130400000102D13C1304 /* NetworkMonitor.swift */,
				D13C130500000102D13C1305 /* SyncConfig.swift */,
				D13C130600000102D13C1306 /* SyncService.swift */,
			);
			path = Sync;
			sourceTree = "<group>";
		};
		D13C140200000000D13C1402 /* Extraction */ = {
			isa = PBXGroup;
			children = (
				D13C130700000102D13C1307 /* ExtractionParser.swift */,
				D13C130800000102D13C1308 /* ExtractionService.swift */,
				D13C130A00000102D13C130A /* EicrPreparser.swift */,
				D13C130B00000102D13C130B /* LookupTable.swift */,
				D13C130C00000102D13C130C /* ReportableConditions.swift */,
				D13C130D00000102D13C130D /* RagSearch.swift */,
				D13C130E00000102D13C130E /* AgentRunner.swift */,
				D13C130F00000102D13C130F /* GemmaToolTemplate.swift */,
				D13C131A00000102D13C131A /* ToolCallParser.swift */,
				D13C132A00000102D13C132A /* ToolCallGrammarResource.swift */,
				D13C133000000102D13C1330 /* BundleBuilder.swift */,
				D13C150300000102D13C1503 /* CaseDiff.swift */,
			);
			path = Extraction;
			sourceTree = "<group>";
		};
		9E9218AB691C499D87972EDF /* Inference */ = {
			isa = PBXGroup;
			children = (
				F4418689E6BA4353B4601A4B /* PromptBuilder.swift */,
				A62770F4720A4BD480FB9D8D /* InferenceEngine.swift */,
				05AB7170EA8B4682AB7CA77A /* StubInferenceEngine.swift */,
				C12C12C112C12C0012C12C02 /* LlamaCppInferenceEngine.swift */,
				C15C15C115C15C0015C15C02 /* LiteRtLmInferenceEngine.swift */,
				E14C141E00000102E14C141E /* InferenceMetrics.swift */,
			);
			path = Inference;
			sourceTree = "<group>";
		};
		495B853A87404AB69331FFAD /* Resources */ = {
			isa = PBXGroup;
			children = (
				1E5D3AF2D1A64C08A99879D7 /* Info.plist */,
			);
			path = Resources;
			sourceTree = "<group>";
		};
		5DE1E457F30D4226AFEDCD99 = {
			isa = PBXGroup;
			children = (
				9BCB97DDB42841AC8EB1D925 /* ClinIQ */,
				B27A92E78F0744BAAC53CED4 /* Products */,
			);
			sourceTree = "<group>";
		};
		B27A92E78F0744BAAC53CED4 /* Products */ = {
			isa = PBXGroup;
			children = (
				F667F7CDEB334C2C89C7B1FD /* ClinIQ.app */,
			);
			name = Products;
			sourceTree = "<group>";
		};
/* End PBXGroup section */

/* Begin PBXNativeTarget section */
		FB7F6DAC22C046C19211A5A3 /* ClinIQ */ = {
			isa = PBXNativeTarget;
			buildConfigurationList = 2756ECEDB44142BB8D10FF2F /* Build configuration list for PBXNativeTarget "ClinIQ" */;
			buildPhases = (
				0B0C61DD85974C74BBF529F8 /* Sources */,
				89B9BFAD8EE14C5393A30E39 /* Frameworks */,
				2756ECEDB44142BB8D10FF1F /* Resources */,
				C12C12C112C12C0012C12C06 /* Embed Frameworks */,
			);
			buildRules = (
			);
			dependencies = (
			);
			name = ClinIQ;
			packageProductDependencies = (
				C15C15C115C15C0015C15C04 /* LiteRtLm */,
			);
			productName = ClinIQ;
			productReference = F667F7CDEB334C2C89C7B1FD /* ClinIQ.app */;
			productType = "com.apple.product-type.application";
		};
/* End PBXNativeTarget section */

/* Begin PBXProject section */
		05BF0791347F4CE595862C77 /* Project object */ = {
			isa = PBXProject;
			attributes = {
				BuildIndependentTargetsInParallel = YES;
				LastSwiftUpdateCheck = 1540;
				LastUpgradeCheck = 1540;
				TargetAttributes = {
					FB7F6DAC22C046C19211A5A3 = {
						CreatedOnToolsVersion = 26.4.1;
					};
				};
			};
			buildConfigurationList = FF198A7C2151411A84D768FD /* Build configuration list for PBXProject "ClinIQ" */;
			compatibilityVersion = "Xcode 14.0";
			developmentRegion = en;
			hasScannedForEncodings = 0;
			knownRegions = (
				en,
				Base,
			);
			mainGroup = 5DE1E457F30D4226AFEDCD99;
			productRefGroup = B27A92E78F0744BAAC53CED4 /* Products */;
			packageReferences = (
				C15C15C115C15C0015C15C06 /* XCLocalSwiftPackageReference "../../litertlm-swift" */,
			);
			projectDirPath = "";
			projectRoot = "";
			targets = (
				FB7F6DAC22C046C19211A5A3 /* ClinIQ */,
			);
		};
/* End PBXProject section */

/* Begin XCLocalSwiftPackageReference section */
		C15C15C115C15C0015C15C06 /* XCLocalSwiftPackageReference "../../litertlm-swift" */ = {
			isa = XCLocalSwiftPackageReference;
			relativePath = ../../litertlm-swift;
		};
/* End XCLocalSwiftPackageReference section */

/* Begin XCSwiftPackageProductDependency section */
		C15C15C115C15C0015C15C04 /* LiteRtLm */ = {
			isa = XCSwiftPackageProductDependency;
			productName = LiteRtLm;
		};
/* End XCSwiftPackageProductDependency section */

/* Begin PBXResourcesBuildPhase section */
		2756ECEDB44142BB8D10FF1F /* Resources */ = {
			isa = PBXResourcesBuildPhase;
			buildActionMask = 2147483647;
			files = (
			);
			runOnlyForDeploymentPostprocessing = 0;
		};
/* End PBXResourcesBuildPhase section */

/* Begin PBXSourcesBuildPhase section */
		0B0C61DD85974C74BBF529F8 /* Sources */ = {
			isa = PBXSourcesBuildPhase;
			buildActionMask = 2147483647;
			files = (
				5D9727451C9748C495F14F01 /* ClinIQApp.swift in Sources */,
				8F835508E3704DD9967B6E01 /* ContentView.swift in Sources */,
				E92E9B41550E4FC298127C01 /* ExtractionViewModel.swift in Sources */,
				3AD5D659DE6B446DBC6C1B01 /* TestCase.swift in Sources */,
				F4418689E6BA4353B4601A01 /* PromptBuilder.swift in Sources */,
				A62770F4720A4BD480FB9D01 /* InferenceEngine.swift in Sources */,
				05AB7170EA8B4682AB7CA701 /* StubInferenceEngine.swift in Sources */,
				C12C12C112C12C0012C12C01 /* LlamaCppInferenceEngine.swift in Sources */,
				C15C15C115C15C0015C15C01 /* LiteRtLmInferenceEngine.swift in Sources */,
				E14C141E00000101E14C141E /* InferenceMetrics.swift in Sources */,
				E14C141F00000101E14C141F /* InferenceStatusBar.swift in Sources */,
				D13C130100000101D13C1301 /* Models.swift in Sources */,
				D13C130200000101D13C1302 /* PersistenceController.swift in Sources */,
				D13C130300000101D13C1303 /* DemoSeed.swift in Sources */,
				D13C130400000101D13C1304 /* NetworkMonitor.swift in Sources */,
				D13C130500000101D13C1305 /* SyncConfig.swift in Sources */,
				D13C130600000101D13C1306 /* SyncService.swift in Sources */,
				D13C130700000101D13C1307 /* ExtractionParser.swift in Sources */,
				D13C130800000101D13C1308 /* ExtractionService.swift in Sources */,
				D13C130A00000101D13C130A /* EicrPreparser.swift in Sources */,
				D13C130B00000101D13C130B /* LookupTable.swift in Sources */,
				D13C130C00000101D13C130C /* ReportableConditions.swift in Sources */,
				D13C130D00000101D13C130D /* RagSearch.swift in Sources */,
				D13C130E00000101D13C130E /* AgentRunner.swift in Sources */,
				D13C130F00000101D13C130F /* GemmaToolTemplate.swift in Sources */,
				D13C131A00000101D13C131A /* ToolCallParser.swift in Sources */,
				D13C132A00000101D13C132A /* ToolCallGrammarResource.swift in Sources */,
				D13C133000000101D13C1330 /* BundleBuilder.swift in Sources */,
				D13C131B00000101D13C131B /* ProvenanceBadge.swift in Sources */,
				D13C131E00000101D13C131E /* ProvenanceLegend.swift in Sources */,
				D13C133100000101D13C1331 /* FHIRBundleSheet.swift in Sources */,
				D13C131C00000101D13C131C /* SpeechDictationService.swift in Sources */,
				D13C131D00000101D13C131D /* DictationButton.swift in Sources */,
				D13C130900000101D13C1309 /* RootView.swift in Sources */,
				D13C131000000101D13C1310 /* Theme.swift in Sources */,
				D13C131100000101D13C1311 /* StatusBadge.swift in Sources */,
				D13C131200000101D13C1312 /* OfflineBanner.swift in Sources */,
				D13C131300000101D13C1313 /* EntityRow.swift in Sources */,
				D13C131400000101D13C1314 /* CasesTab.swift in Sources */,
				D13C131500000101D13C1315 /* NewCaseView.swift in Sources */,
				D13C131600000101D13C1316 /* CaseDetailView.swift in Sources */,
				D13C131700000101D13C1317 /* ReviewFlowView.swift in Sources */,
				D13C131800000101D13C1318 /* OutboxTab.swift in Sources */,
				D13C131900000101D13C1319 /* HistoryTab.swift in Sources */,
				D13C132000000101D13C1320 /* SettingsTab.swift in Sources */,
				D13C150100000101D13C1501 /* LocalPatient.swift in Sources */,
				D13C150200000101D13C1502 /* LongitudinalSeedData.swift in Sources */,
				D13C150300000101D13C1503 /* CaseDiff.swift in Sources */,
				D13C150400000101D13C1504 /* PatientTimelineView.swift in Sources */,
				D13C150500000101D13C1505 /* WhatsNewBanner.swift in Sources */,
			);
			runOnlyForDeploymentPostprocessing = 0;
		};
/* End PBXSourcesBuildPhase section */

/* Begin XCBuildConfiguration section */
		91B597A524164C8DBC16A501 /* Debug */ = {
			isa = XCBuildConfiguration;
			buildSettings = {
				ALWAYS_SEARCH_USER_PATHS = NO;
				CLANG_ANALYZER_NONNULL = YES;
				CLANG_ANALYZER_NUMBER_OBJECT_CONVERSION = YES_AGGRESSIVE;
				CLANG_CXX_LANGUAGE_STANDARD = "gnu++20";
				CLANG_ENABLE_MODULES = YES;
				CLANG_ENABLE_OBJC_ARC = YES;
				CLANG_ENABLE_OBJC_WEAK = YES;
				CLANG_WARN_BLOCK_CAPTURE_AUTORELEASING = YES;
				CLANG_WARN_BOOL_CONVERSION = YES;
				CLANG_WARN_COMMA = YES;
				CLANG_WARN_CONSTANT_CONVERSION = YES;
				CLANG_WARN_DEPRECATED_OBJC_IMPLEMENTATIONS = YES;
				CLANG_WARN_DIRECT_OBJC_ISA_USAGE = YES_ERROR;
				CLANG_WARN_DOCUMENTATION_COMMENTS = YES;
				CLANG_WARN_EMPTY_BODY = YES;
				CLANG_WARN_ENUM_CONVERSION = YES;
				CLANG_WARN_INFINITE_RECURSION = YES;
				CLANG_WARN_INT_CONVERSION = YES;
				CLANG_WARN_NON_LITERAL_NULL_CONVERSION = YES;
				CLANG_WARN_OBJC_IMPLICIT_RETAIN_SELF = YES;
				CLANG_WARN_OBJC_LITERAL_CONVERSION = YES;
				CLANG_WARN_OBJC_ROOT_CLASS = YES_ERROR;
				CLANG_WARN_QUOTED_INCLUDE_IN_FRAMEWORK_HEADER = YES;
				CLANG_WARN_RANGE_LOOP_ANALYSIS = YES;
				CLANG_WARN_STRICT_PROTOTYPES = YES;
				CLANG_WARN_SUSPICIOUS_MOVE = YES;
				CLANG_WARN_UNGUARDED_AVAILABILITY = YES_AGGRESSIVE;
				CLANG_WARN_UNREACHABLE_CODE = YES;
				CLANG_WARN__DUPLICATE_METHOD_MATCH = YES;
				COPY_PHASE_STRIP = NO;
				DEBUG_INFORMATION_FORMAT = dwarf;
				ENABLE_STRICT_OBJC_MSGSEND = YES;
				ENABLE_TESTABILITY = YES;
				ENABLE_USER_SCRIPT_SANDBOXING = YES;
				GCC_C_LANGUAGE_STANDARD = gnu17;
				GCC_DYNAMIC_NO_PIC = NO;
				GCC_NO_COMMON_BLOCKS = YES;
				GCC_OPTIMIZATION_LEVEL = 0;
				GCC_PREPROCESSOR_DEFINITIONS = (
					"DEBUG=1",
					"$(inherited)",
				);
				GCC_WARN_64_TO_32_BIT_CONVERSION = YES;
				GCC_WARN_ABOUT_RETURN_TYPE = YES_ERROR;
				GCC_WARN_UNDECLARED_SELECTOR = YES;
				GCC_WARN_UNINITIALIZED_AUTOS = YES_AGGRESSIVE;
				GCC_WARN_UNUSED_FUNCTION = YES;
				GCC_WARN_UNUSED_VARIABLE = YES;
				IPHONEOS_DEPLOYMENT_TARGET = 17.0;
				LOCALIZATION_PREFERS_STRING_CATALOGS = YES;
				MTL_ENABLE_DEBUG_INFO = INCLUDE_SOURCE;
				MTL_FAST_MATH = YES;
				ONLY_ACTIVE_ARCH = YES;
				SDKROOT = iphoneos;
				SWIFT_ACTIVE_COMPILATION_CONDITIONS = "DEBUG $(inherited)";
				SWIFT_OPTIMIZATION_LEVEL = "-Onone";
			};
			name = Debug;
		};
		91B597A524164C8DBC16A502 /* Release */ = {
			isa = XCBuildConfiguration;
			buildSettings = {
				ALWAYS_SEARCH_USER_PATHS = NO;
				CLANG_ANALYZER_NONNULL = YES;
				CLANG_ANALYZER_NUMBER_OBJECT_CONVERSION = YES_AGGRESSIVE;
				CLANG_CXX_LANGUAGE_STANDARD = "gnu++20";
				CLANG_ENABLE_MODULES = YES;
				CLANG_ENABLE_OBJC_ARC = YES;
				CLANG_ENABLE_OBJC_WEAK = YES;
				CLANG_WARN_BLOCK_CAPTURE_AUTORELEASING = YES;
				CLANG_WARN_BOOL_CONVERSION = YES;
				CLANG_WARN_COMMA = YES;
				CLANG_WARN_CONSTANT_CONVERSION = YES;
				CLANG_WARN_DEPRECATED_OBJC_IMPLEMENTATIONS = YES;
				CLANG_WARN_DIRECT_OBJC_ISA_USAGE = YES_ERROR;
				CLANG_WARN_DOCUMENTATION_COMMENTS = YES;
				CLANG_WARN_EMPTY_BODY = YES;
				CLANG_WARN_ENUM_CONVERSION = YES;
				CLANG_WARN_INFINITE_RECURSION = YES;
				CLANG_WARN_INT_CONVERSION = YES;
				CLANG_WARN_NON_LITERAL_NULL_CONVERSION = YES;
				CLANG_WARN_OBJC_IMPLICIT_RETAIN_SELF = YES;
				CLANG_WARN_OBJC_LITERAL_CONVERSION = YES;
				CLANG_WARN_OBJC_ROOT_CLASS = YES_ERROR;
				CLANG_WARN_QUOTED_INCLUDE_IN_FRAMEWORK_HEADER = YES;
				CLANG_WARN_RANGE_LOOP_ANALYSIS = YES;
				CLANG_WARN_STRICT_PROTOTYPES = YES;
				CLANG_WARN_SUSPICIOUS_MOVE = YES;
				CLANG_WARN_UNGUARDED_AVAILABILITY = YES_AGGRESSIVE;
				CLANG_WARN_UNREACHABLE_CODE = YES;
				CLANG_WARN__DUPLICATE_METHOD_MATCH = YES;
				COPY_PHASE_STRIP = NO;
				DEBUG_INFORMATION_FORMAT = "dwarf-with-dsym";
				ENABLE_NS_ASSERTIONS = NO;
				ENABLE_STRICT_OBJC_MSGSEND = YES;
				ENABLE_USER_SCRIPT_SANDBOXING = YES;
				GCC_C_LANGUAGE_STANDARD = gnu17;
				GCC_NO_COMMON_BLOCKS = YES;
				GCC_WARN_64_TO_32_BIT_CONVERSION = YES;
				GCC_WARN_ABOUT_RETURN_TYPE = YES_ERROR;
				GCC_WARN_UNDECLARED_SELECTOR = YES;
				GCC_WARN_UNINITIALIZED_AUTOS = YES_AGGRESSIVE;
				GCC_WARN_UNUSED_FUNCTION = YES;
				GCC_WARN_UNUSED_VARIABLE = YES;
				IPHONEOS_DEPLOYMENT_TARGET = 17.0;
				LOCALIZATION_PREFERS_STRING_CATALOGS = YES;
				MTL_ENABLE_DEBUG_INFO = NO;
				MTL_FAST_MATH = YES;
				SDKROOT = iphoneos;
				SWIFT_COMPILATION_MODE = wholemodule;
				VALIDATE_PRODUCT = YES;
			};
			name = Release;
		};
		91B597A524164C8DBC16A503 /* Debug */ = {
			isa = XCBuildConfiguration;
			buildSettings = {
				ASSETCATALOG_COMPILER_APPICON_NAME = AppIcon;
				ASSETCATALOG_COMPILER_GLOBAL_ACCENT_COLOR_NAME = AccentColor;
				CODE_SIGN_STYLE = Automatic;
				CURRENT_PROJECT_VERSION = 1;
				DEVELOPMENT_ASSET_PATHS = "";
				ENABLE_PREVIEWS = YES;
				FRAMEWORK_SEARCH_PATHS = (
					"$(inherited)",
					"$(PROJECT_DIR)/Frameworks",
				);
				GENERATE_INFOPLIST_FILE = NO;
				INFOPLIST_FILE = ClinIQ/Resources/Info.plist;
				INFOPLIST_KEY_UIApplicationSceneManifest_Generation = YES;
				INFOPLIST_KEY_UIApplicationSupportsControlCenter_Generation = YES;
				INFOPLIST_KEY_UILaunchScreen_Generation = YES;
				INFOPLIST_KEY_UISupportedInterfaceOrientations_iPad = "UIInterfaceOrientationPortrait UIInterfaceOrientationPortraitUpsideDown UIInterfaceOrientationLandscapeLeft UIInterfaceOrientationLandscapeRight";
				INFOPLIST_KEY_UISupportedInterfaceOrientations_iPhone = "UIInterfaceOrientationPortrait UIInterfaceOrientationLandscapeLeft UIInterfaceOrientationLandscapeRight";
				IPHONEOS_DEPLOYMENT_TARGET = 17.0;
				LD_RUNPATH_SEARCH_PATHS = (
					"$(inherited)",
					"@executable_path/Frameworks",
				);
				MARKETING_VERSION = 0.2.0;
				OTHER_LDFLAGS = (
					"$(inherited)",
					"-Xlinker",
					"-all_load",
				);
				PRODUCT_BUNDLE_IDENTIFIER = com.cliniq.ClinIQ;
				PRODUCT_NAME = "$(TARGET_NAME)";
				SWIFT_EMIT_LOC_STRINGS = YES;
				SWIFT_VERSION = 5.0;
				TARGETED_DEVICE_FAMILY = "1,2";
			};
			name = Debug;
		};
		91B597A524164C8DBC16A504 /* Release */ = {
			isa = XCBuildConfiguration;
			buildSettings = {
				ASSETCATALOG_COMPILER_APPICON_NAME = AppIcon;
				ASSETCATALOG_COMPILER_GLOBAL_ACCENT_COLOR_NAME = AccentColor;
				CODE_SIGN_STYLE = Automatic;
				CURRENT_PROJECT_VERSION = 1;
				DEVELOPMENT_ASSET_PATHS = "";
				ENABLE_PREVIEWS = YES;
				FRAMEWORK_SEARCH_PATHS = (
					"$(inherited)",
					"$(PROJECT_DIR)/Frameworks",
				);
				GENERATE_INFOPLIST_FILE = NO;
				INFOPLIST_FILE = ClinIQ/Resources/Info.plist;
				INFOPLIST_KEY_UIApplicationSceneManifest_Generation = YES;
				INFOPLIST_KEY_UIApplicationSupportsControlCenter_Generation = YES;
				INFOPLIST_KEY_UILaunchScreen_Generation = YES;
				INFOPLIST_KEY_UISupportedInterfaceOrientations_iPad = "UIInterfaceOrientationPortrait UIInterfaceOrientationPortraitUpsideDown UIInterfaceOrientationLandscapeLeft UIInterfaceOrientationLandscapeRight";
				INFOPLIST_KEY_UISupportedInterfaceOrientations_iPhone = "UIInterfaceOrientationPortrait UIInterfaceOrientationLandscapeLeft UIInterfaceOrientationLandscapeRight";
				IPHONEOS_DEPLOYMENT_TARGET = 17.0;
				LD_RUNPATH_SEARCH_PATHS = (
					"$(inherited)",
					"@executable_path/Frameworks",
				);
				MARKETING_VERSION = 0.2.0;
				OTHER_LDFLAGS = (
					"$(inherited)",
					"-Xlinker",
					"-all_load",
				);
				PRODUCT_BUNDLE_IDENTIFIER = com.cliniq.ClinIQ;
				PRODUCT_NAME = "$(TARGET_NAME)";
				SWIFT_EMIT_LOC_STRINGS = YES;
				SWIFT_VERSION = 5.0;
				TARGETED_DEVICE_FAMILY = "1,2";
			};
			name = Release;
		};
/* End XCBuildConfiguration section */

/* Begin XCConfigurationList section */
		FF198A7C2151411A84D768FD /* Build configuration list for PBXProject "ClinIQ" */ = {
			isa = XCConfigurationList;
			buildConfigurations = (
				91B597A524164C8DBC16A501 /* Debug */,
				91B597A524164C8DBC16A502 /* Release */,
			);
			defaultConfigurationIsVisible = 0;
			defaultConfigurationName = Release;
		};
		2756ECEDB44142BB8D10FF2F /* Build configuration list for PBXNativeTarget "ClinIQ" */ = {
			isa = XCConfigurationList;
			buildConfigurations = (
				91B597A524164C8DBC16A503 /* Debug */,
				91B597A524164C8DBC16A504 /* Release */,
			);
			defaultConfigurationIsVisible = 0;
			defaultConfigurationName = Release;
		};
/* End XCConfigurationList section */
	};
	rootObject = 05BF0791347F4CE595862C77 /* Project object */;
}
